
Microsoft Visual Studio Solution File, Format Version 12.00
# Visual Studio Version 17
VisualStudioVersion = 17.0.31903.59
MinimumVisualStudioVersion = 10.0.40219.1
Project("{FAE04EC0-301F-11D3-BF4B-00C04F79EFBC}") = "DshLauncher.Core", "DshLauncher.Core\DshLauncher.Core.csproj", "{2E4EC1A0-8C33-49DE-BB3F-2F7CF306DAB1}"
EndProject
Project("{60DC8134-9DCC-4E12-9D8A-1B7D8D4C5F8E}") = "DshLauncher.App", "DshLauncher.App\DshLauncher.App.csproj", "{A7B1DB4B-6B43-4A5F-9F0E-20A9C0B9AB1C}"
EndProject
Global
	GlobalSection(SolutionConfigurationPlatforms) = preSolution
		Debug|Any CPU = Debug|Any CPU
		Release|Any CPU = Release|Any CPU
	EndGlobalSection
	GlobalSection(ProjectConfigurationPlatforms) = postSolution
		{2E4EC1A0-8C33-49DE-BB3F-2F7CF306DAB1}.Debug|Any CPU.ActiveCfg = Debug|Any CPU
		{2E4EC1A0-8C33-49DE-BB3F-2F7CF306DAB1}.Debug|Any CPU.Build.0 = Debug|Any CPU
		{2E4EC1A0-8C33-49DE-BB3F-2F7CF306DAB1}.Release|Any CPU.ActiveCfg = Release|Any CPU
		{2E4EC1A0-8C33-49DE-BB3F-2F7CF306DAB1}.Release|Any CPU.Build.0 = Release|Any CPU
		{A7B1DB4B-6B43-4A5F-9F0E-20A9C0B9AB1C}.Debug|Any CPU.ActiveCfg = Debug|Any CPU
		{A7B1DB4B-6B43-4A5F-9F0E-20A9C0B9AB1C}.Debug|Any CPU.Build.0 = Debug|Any CPU
		{A7B1DB4B-6B43-4A5F-9F0E-20A9C0B9AB1C}.Release|Any CPU.ActiveCfg = Release|Any CPU
		{A7B1DB4B-6B43-4A5F-9F0E-20A9C0B9AB1C}.Release|Any CPU.Build.0 = Release|Any CPU
	EndGlobalSection
EndGlobal
